
Microsoft Visual Studio Solution File, Format Version 12.00
Project("{FAE04EC0-301F-11D3-BF4B-00C04F79EFBC}") = "View_ListFilms", "Projects\MVVM_ListFilms\View_ListFilms\View_ListFilms.csproj", "{144287EC-87B8-40E5-A744-0CF85AEC2A27}"
EndProject
Project("{2150E333-8FDC-42A3-9474-1A3956D46DE8}") = "MVVM_ListFilms", "MVVM_ListFilms", "{2079C903-52AC-40B1-A6EB-14807B466E0A}"
EndProject
Project("{FAE04EC0-301F-11D3-BF4B-00C04F79EFBC}") = "ViewModel", "Projects\MVVM_ListFilms\ViewModel\ViewModel.csproj", "{AF84400B-736D-4300-A41E-68BB87B2B5D3}"
EndProject
Project("{FAE04EC0-301F-11D3-BF4B-00C04F79EFBC}") = "Model", "Projects\MVVM_ListFilms\Model\Model.csproj", "{1308086A-E9E5-4742-9FA0-13EDD9E14450}"
EndProject
Project("{2150E333-8FDC-42A3-9474-1A3956D46DE8}") = "UserControl_SwitchingPages", "UserControl_SwitchingPages", "{3D9D0CC5-2A0A-4505-A307-69232E1689E9}"
EndProject
Project("{FAE04EC0-301F-11D3-BF4B-00C04F79EFBC}") = "UserControl", "Projects\UserControl_SwitchingPages\UserControl\UserControl.csproj", "{94B813F9-1367-4515-9DC4-DA107F43B21C}"
EndProject
Project("{2150E333-8FDC-42A3-9474-1A3956D46DE8}") = "Practice1_ChangeLanguage", "Practice1_ChangeLanguage", "{E0D7EB9A-C0E6-43E6-8AA0-DA0693E3B858}"
EndProject
Project("{FAE04EC0-301F-11D3-BF4B-00C04F79EFBC}") = "View_ChangeLanguage", "Projects\Practice1_ChangeLanguage\View_ChangeLanguage\View_ChangeLanguage.csproj", "{556F002F-82B4-4D2D-A344-DA18A35A868E}"
EndProject
Project("{FAE04EC0-301F-11D3-BF4B-00C04F79EFBC}") = "ViewModel", "Projects\Practice1_ChangeLanguage\ViewModel\ViewModel.csproj", "{E71F88AD-5FE2-4325-A168-18F4208DB0B1}"
EndProject
Project("{FAE04EC0-301F-11D3-BF4B-00C04F79EFBC}") = "Model", "Projects\Practice1_ChangeLanguage\Model\Model.csproj", "{622D38FD-F42A-4F48-936A-19730759A67E}"
EndProject
Project("{2150E333-8FDC-42A3-9474-1A3956D46DE8}") = "Practice2_ExchangeRates", "Practice2_ExchangeRates", "{A0F33929-953C-4961-B0D3-F12843927C0F}"
EndProject
Project("{FAE04EC0-301F-11D3-BF4B-00C04F79EFBC}") = "View_ExchangeRates", "Projects\Practice2_ExchangeRates\View_ExchangeRates\View_ExchangeRates.csproj", "{D63CEDDE-1841-4A14-A4CF-22A0E4EC4B9F}"
EndProject
Project("{FAE04EC0-301F-11D3-BF4B-00C04F79EFBC}") = "ViewModel", "Projects\Practice2_ExchangeRates\ViewModel\ViewModel.csproj", "{E37B81A1-31EC-45DC-A0F0-7AF753D3DAB5}"
EndProject
Project("{FAE04EC0-301F-11D3-BF4B-00C04F79EFBC}") = "Model", "Projects\Practice2_ExchangeRates\Model\Model.csproj", "{F2EE33C7-92DF-4486-8932-D3A503B89463}"
EndProject
Global
	GlobalSection(SolutionConfigurationPlatforms) = preSolution
		Debug|Any CPU = Debug|Any CPU
		Release|Any CPU = Release|Any CPU
	EndGlobalSection
	GlobalSection(ProjectConfigurationPlatforms) = postSolution
		{144287EC-87B8-40E5-A744-0CF85AEC2A27}.Debug|Any CPU.ActiveCfg = Debug|Any CPU
		{144287EC-87B8-40E5-A744-0CF85AEC2A27}.Debug|Any CPU.Build.0 = Debug|Any CPU
		{144287EC-87B8-40E5-A744-0CF85AEC2A27}.Release|Any CPU.ActiveCfg = Release|Any CPU
		{144287EC-87B8-40E5-A744-0CF85AEC2A27}.Release|Any CPU.Build.0 = Release|Any CPU
		{AF84400B-736D-4300-A41E-68BB87B2B5D3}.Debug|Any CPU.ActiveCfg = Debug|Any CPU
		{AF84400B-736D-4300-A41E-68BB87B2B5D3}.Debug|Any CPU.Build.0 = Debug|Any CPU
		{AF84400B-736D-4300-A41E-68BB87B2B5D3}.Release|Any CPU.ActiveCfg = Release|Any CPU
		{AF84400B-736D-4300-A41E-68BB87B2B5D3}.Release|Any CPU.Build.0 = Release|Any CPU
		{1308086A-E9E5-4742-9FA0-13EDD9E14450}.Debug|Any CPU.ActiveCfg = Debug|Any CPU
		{1308086A-E9E5-4742-9FA0-13EDD9E14450}.Debug|Any CPU.Build.0 = Debug|Any CPU
		{1308086A-E9E5-4742-9FA0-13EDD9E14450}.Release|Any CPU.ActiveCfg = Release|Any CPU
		{1308086A-E9E5-4742-9FA0-13EDD9E14450}.Release|Any CPU.Build.0 = Release|Any CPU
		{94B813F9-1367-4515-9DC4-DA107F43B21C}.Debug|Any CPU.ActiveCfg = Debug|Any CPU
		{94B813F9-1367-4515-9DC4-DA107F43B21C}.Debug|Any CPU.Build.0 = Debug|Any CPU
		{94B813F9-1367-4515-9DC4-DA107F43B21C}.Release|Any CPU.ActiveCfg = Release|Any CPU
		{94B813F9-1367-4515-9DC4-DA107F43B21C}.Release|Any CPU.Build.0 = Release|Any CPU
		{556F002F-82B4-4D2D-A344-DA18A35A868E}.Debug|Any CPU.ActiveCfg = Debug|Any CPU
		{556F002F-82B4-4D2D-A344-DA18A35A868E}.Debug|Any CPU.Build.0 = Debug|Any CPU
		{556F002F-82B4-4D2D-A344-DA18A35A868E}.Release|Any CPU.ActiveCfg = Release|Any CPU
		{556F002F-82B4-4D2D-A344-DA18A35A868E}.Release|Any CPU.Build.0 = Release|Any CPU
		{E71F88AD-5FE2-4325-A168-18F4208DB0B1}.Debug|Any CPU.ActiveCfg = Debug|Any CPU
		{E71F88AD-5FE2-4325-A168-18F4208DB0B1}.Debug|Any CPU.Build.0 = Debug|Any CPU
		{E71F88AD-5FE2-4325-A168-18F4208DB0B1}.Release|Any CPU.ActiveCfg = Release|Any CPU
		{E71F88AD-5FE2-4325-A168-18F4208DB0B1}.Release|Any CPU.Build.0 = Release|Any CPU
		{622D38FD-F42A-4F48-936A-19730759A67E}.Debug|Any CPU.ActiveCfg = Debug|Any CPU
		{622D38FD-F42A-4F48-936A-19730759A67E}.Debug|Any CPU.Build.0 = Debug|Any CPU
		{622D38FD-F42A-4F48-936A-19730759A67E}.Release|Any CPU.ActiveCfg = Release|Any CPU
		{622D38FD-F42A-4F48-936A-19730759A67E}.Release|Any CPU.Build.0 = Release|Any CPU
		{D63CEDDE-1841-4A14-A4CF-22A0E4EC4B9F}.Debug|Any CPU.ActiveCfg = Debug|Any CPU
		{D63CEDDE-1841-4A14-A4CF-22A0E4EC4B9F}.Debug|Any CPU.Build.0 = Debug|Any CPU
		{D63CEDDE-1841-4A14-A4CF-22A0E4EC4B9F}.Release|Any CPU.ActiveCfg = Release|Any CPU
		{D63CEDDE-1841-4A14-A4CF-22A0E4EC4B9F}.Release|Any CPU.Build.0 = Release|Any CPU
		{E37B81A1-31EC-45DC-A0F0-7AF753D3DAB5}.Debug|Any CPU.ActiveCfg = Debug|Any CPU
		{E37B81A1-31EC-45DC-A0F0-7AF753D3DAB5}.Debug|Any CPU.Build.0 = Debug|Any CPU
		{E37B81A1-31EC-45DC-A0F0-7AF753D3DAB5}.Release|Any CPU.ActiveCfg = Release|Any CPU
		{E37B81A1-31EC-45DC-A0F0-7AF753D3DAB5}.Release|Any CPU.Build.0 = Release|Any CPU
		{F2EE33C7-92DF-4486-8932-D3A503B89463}.Debug|Any CPU.ActiveCfg = Debug|Any CPU
		{F2EE33C7-92DF-4486-8932-D3A503B89463}.Debug|Any CPU.Build.0 = Debug|Any CPU
		{F2EE33C7-92DF-4486-8932-D3A503B89463}.Release|Any CPU.ActiveCfg = Release|Any CPU
		{F2EE33C7-92DF-4486-8932-D3A503B89463}.Release|Any CPU.Build.0 = Release|Any CPU
	EndGlobalSection
	GlobalSection(NestedProjects) = preSolution
		{144287EC-87B8-40E5-A744-0CF85AEC2A27} = {2079C903-52AC-40B1-A6EB-14807B466E0A}
		{AF84400B-736D-4300-A41E-68BB87B2B5D3} = {2079C903-52AC-40B1-A6EB-14807B466E0A}
		{1308086A-E9E5-4742-9FA0-13EDD9E14450} = {2079C903-52AC-40B1-A6EB-14807B466E0A}
		{94B813F9-1367-4515-9DC4-DA107F43B21C} = {3D9D0CC5-2A0A-4505-A307-69232E1689E9}
		{556F002F-82B4-4D2D-A344-DA18A35A868E} = {E0D7EB9A-C0E6-43E6-8AA0-DA0693E3B858}
		{E71F88AD-5FE2-4325-A168-18F4208DB0B1} = {E0D7EB9A-C0E6-43E6-8AA0-DA0693E3B858}
		{622D38FD-F42A-4F48-936A-19730759A67E} = {E0D7EB9A-C0E6-43E6-8AA0-DA0693E3B858}
		{D63CEDDE-1841-4A14-A4CF-22A0E4EC4B9F} = {A0F33929-953C-4961-B0D3-F12843927C0F}
		{E37B81A1-31EC-45DC-A0F0-7AF753D3DAB5} = {A0F33929-953C-4961-B0D3-F12843927C0F}
		{F2EE33C7-92DF-4486-8932-D3A503B89463} = {A0F33929-953C-4961-B0D3-F12843927C0F}
	EndGlobalSection
EndGlobal
